{
  "name": "full-bot",
  "lockfileVersion": 3,
  "requires": true,
  "packages": {
    "": {
      "dependencies": {
        "mobx": "^6.15.0"
      }
    },
    "node_modules/mobx": {
      "version": "6.15.0",
      "resolved": "https://registry.npmjs.org/mobx/-/mobx-6.15.0.tgz",
      "integrity": "sha512-UczzB+0nnwGotYSgllfARAqWCJ5e/skuV2K/l+Zyck/H6pJIhLXuBnz+6vn2i211o7DtbE78HQtsYEKICHGI+g==",
      "license": "MIT",
      "funding": {
        "type": "opencollective",
        "url": "https://opencollective.com/mobx"
      }
    }
  }
}
